
Microsoft Visual Studio Solution File, Format Version 12.00
# Visual Studio Version 16
VisualStudioVersion = 16.0.32510.428
MinimumVisualStudioVersion = 10.0.40219.1
Project("{FAE04EC0-301F-11D3-BF4B-00C04F79EFBC}") = "ESCP_Trolls", "ESCP_Trolls\ESCP_Trolls.csproj", "{999601B9-9B97-49B7-ABE5-2BC943D13604}"
EndProject
Global
	GlobalSection(SolutionConfigurationPlatforms) = preSolution
		Debug|Any CPU = Debug|Any CPU
		Release|Any CPU = Release|Any CPU
	EndGlobalSection
	GlobalSection(ProjectConfigurationPlatforms) = postSolution
		{999601B9-9B97-49B7-ABE5-2BC943D13604}.Debug|Any CPU.ActiveCfg = Debug|Any CPU
		{999601B9-9B97-49B7-ABE5-2BC943D13604}.Debug|Any CPU.Build.0 = Debug|Any CPU
		{999601B9-9B97-49B7-ABE5-2BC943D13604}.Release|Any CPU.ActiveCfg = Release|Any CPU
		{999601B9-9B97-49B7-ABE5-2BC943D13604}.Release|Any CPU.Build.0 = Release|Any CPU
	EndGlobalSection
	GlobalSection(SolutionProperties) = preSolution
		HideSolutionNode = FALSE
	EndGlobalSection
	GlobalSection(ExtensibilityGlobals) = postSolution
		SolutionGuid = {F8F6D556-09E2-4AA3-B51D-6E34DE5BDA19}
	EndGlobalSection
EndGlobal
